
Microsoft Visual Studio Solution File, Format Version 12.00
# Visual Studio Version 17
VisualStudioVersion = 17.11.35312.102
MinimumVisualStudioVersion = 10.0.40219.1
Project("{FAE04EC0-301F-11D3-BF4B-00C04F79EFBC}") = "Gamecollection", "Gamecollection\Gamecollection.csproj", "{38EB8255-CA30-47AE-92D8-BCDE854E6206}"
EndProject
Project("{FAE04EC0-301F-11D3-BF4B-00C04F79EFBC}") = "Minesweeper_simon", "Gamecollection\Minesweeper_simon\Minesweeper_simon.csproj", "{E7E1E164-62F2-42B5-9245-A1EC0CF5266E}"
Project("{FAE04EC0-301F-11D3-BF4B-00C04F79EFBC}") = "Rikke", "Rikke\Rikke.csproj", "{382B950D-2DBF-43C8-9017-16D0806B690A}"
EndProject
Global
	GlobalSection(SolutionConfigurationPlatforms) = preSolution
		Debug|Any CPU = Debug|Any CPU
		Release|Any CPU = Release|Any CPU
	EndGlobalSection
	GlobalSection(ProjectConfigurationPlatforms) = postSolution
		{38EB8255-CA30-47AE-92D8-BCDE854E6206}.Debug|Any CPU.ActiveCfg = Debug|Any CPU
		{38EB8255-CA30-47AE-92D8-BCDE854E6206}.Debug|Any CPU.Build.0 = Debug|Any CPU
		{38EB8255-CA30-47AE-92D8-BCDE854E6206}.Release|Any CPU.ActiveCfg = Release|Any CPU
		{38EB8255-CA30-47AE-92D8-BCDE854E6206}.Release|Any CPU.Build.0 = Release|Any CPU
		{E7E1E164-62F2-42B5-9245-A1EC0CF5266E}.Debug|Any CPU.ActiveCfg = Debug|Any CPU
		{E7E1E164-62F2-42B5-9245-A1EC0CF5266E}.Debug|Any CPU.Build.0 = Debug|Any CPU
		{E7E1E164-62F2-42B5-9245-A1EC0CF5266E}.Release|Any CPU.ActiveCfg = Release|Any CPU
		{E7E1E164-62F2-42B5-9245-A1EC0CF5266E}.Release|Any CPU.Build.0 = Release|Any CPU
		{382B950D-2DBF-43C8-9017-16D0806B690A}.Debug|Any CPU.ActiveCfg = Debug|Any CPU
		{382B950D-2DBF-43C8-9017-16D0806B690A}.Debug|Any CPU.Build.0 = Debug|Any CPU
		{382B950D-2DBF-43C8-9017-16D0806B690A}.Release|Any CPU.ActiveCfg = Release|Any CPU
		{382B950D-2DBF-43C8-9017-16D0806B690A}.Release|Any CPU.Build.0 = Release|Any CPU
	EndGlobalSection
	GlobalSection(SolutionProperties) = preSolution
		HideSolutionNode = FALSE
	EndGlobalSection
	GlobalSection(ExtensibilityGlobals) = postSolution
		SolutionGuid = {6812D660-22DA-4ECF-83E6-52E97E31F493}
	EndGlobalSection
EndGlobal
